
Microsoft Visual Studio Solution File, Format Version 12.00
# Visual Studio 15
VisualStudioVersion = 15.0.28307.136
MinimumVisualStudioVersion = 10.0.40219.1
Project("{FAE04EC0-301F-11D3-BF4B-00C04F79EFBC}") = "HelloHttp2", "HelloHttp2\HelloHttp2.csproj", "{9451ECF6-C375-4DE2-B4C7-C9B1875D0CE9}"
EndProject
Project("{9A19103F-16F7-4668-BE54-9A1E7A4F7556}") = "HttpTwo", "HttpTwo\HttpTwo.csproj", "{F21C5430-44C5-4CE8-AD8A-023D9D216B9E}"
EndProject
Project("{9A19103F-16F7-4668-BE54-9A1E7A4F7556}") = "HttpTwo.HPack", "HttpTwo.HPack\HttpTwo.HPack.csproj", "{300B2406-F445-4352-A460-BE04CDFD3AFA}"
EndProject
Global
	GlobalSection(SolutionConfigurationPlatforms) = preSolution
		Debug|Any CPU = Debug|Any CPU
		Release|Any CPU = Release|Any CPU
	EndGlobalSection
	GlobalSection(ProjectConfigurationPlatforms) = postSolution
		{9451ECF6-C375-4DE2-B4C7-C9B1875D0CE9}.Debug|Any CPU.ActiveCfg = Debug|Any CPU
		{9451ECF6-C375-4DE2-B4C7-C9B1875D0CE9}.Debug|Any CPU.Build.0 = Debug|Any CPU
		{9451ECF6-C375-4DE2-B4C7-C9B1875D0CE9}.Release|Any CPU.ActiveCfg = Release|Any CPU
		{9451ECF6-C375-4DE2-B4C7-C9B1875D0CE9}.Release|Any CPU.Build.0 = Release|Any CPU
		{F21C5430-44C5-4CE8-AD8A-023D9D216B9E}.Debug|Any CPU.ActiveCfg = Debug|Any CPU
		{F21C5430-44C5-4CE8-AD8A-023D9D216B9E}.Debug|Any CPU.Build.0 = Debug|Any CPU
		{F21C5430-44C5-4CE8-AD8A-023D9D216B9E}.Release|Any CPU.ActiveCfg = Release|Any CPU
		{F21C5430-44C5-4CE8-AD8A-023D9D216B9E}.Release|Any CPU.Build.0 = Release|Any CPU
		{300B2406-F445-4352-A460-BE04CDFD3AFA}.Debug|Any CPU.ActiveCfg = Debug|Any CPU
		{300B2406-F445-4352-A460-BE04CDFD3AFA}.Debug|Any CPU.Build.0 = Debug|Any CPU
		{300B2406-F445-4352-A460-BE04CDFD3AFA}.Release|Any CPU.ActiveCfg = Release|Any CPU
		{300B2406-F445-4352-A460-BE04CDFD3AFA}.Release|Any CPU.Build.0 = Release|Any CPU
	EndGlobalSection
	GlobalSection(SolutionProperties) = preSolution
		HideSolutionNode = FALSE
	EndGlobalSection
	GlobalSection(ExtensibilityGlobals) = postSolution
		SolutionGuid = {E8717EA8-19F6-4703-9BF2-DDEC7BC6CB98}
	EndGlobalSection
EndGlobal
